
Microsoft Visual Studio Solution File, Format Version 12.00
# Visual Studio Version 16
VisualStudioVersion = 16.0.31205.134
MinimumVisualStudioVersion = 10.0.40219.1
Project("{2150E333-8FDC-42A3-9474-1A3956D46DE8}") = "1.Application", "1.Application", "{AD842C01-22A5-41B7-877D-B954BA02E86F}"
EndProject
Project("{2150E333-8FDC-42A3-9474-1A3956D46DE8}") = "2.Domain", "2.Domain", "{568380A5-F7BB-444D-B355-63C5BE6E3DDE}"
EndProject
Project("{2150E333-8FDC-42A3-9474-1A3956D46DE8}") = "3.Infra", "3.Infra", "{41C8263A-452F-4C3C-9B2C-CE47589BC0D2}"
EndProject
Project("{2150E333-8FDC-42A3-9474-1A3956D46DE8}") = "3.1.Data", "3.1.Data", "{115DF603-D7E1-4FF6-B4DD-786CE3A8A091}"
EndProject
Project("{2150E333-8FDC-42A3-9474-1A3956D46DE8}") = "3.2.IoC", "3.2.IoC", "{97732DE7-7C66-4488-AFB0-8CB53B78231F}"
EndProject
Project("{2150E333-8FDC-42A3-9474-1A3956D46DE8}") = "4.Shared", "4.Shared", "{7D091A8E-BFCA-4E4F-8817-9F2DE05457DC}"
EndProject
Project("{2150E333-8FDC-42A3-9474-1A3956D46DE8}") = "5.Test", "5.Test", "{F3E0629B-F933-484D-9CCC-4B6E1B342E6B}"
EndProject
Project("{9A19103F-16F7-4668-BE54-9A1E7A4F7556}") = "Currency.Analysis.Accenture.Shared", "Src\Currency.Analysis.Accenture.Shared\Currency.Analysis.Accenture.Shared.csproj", "{A72AF1A1-A6F8-40C7-9AA1-FC1B24A45FE5}"
EndProject
Project("{9A19103F-16F7-4668-BE54-9A1E7A4F7556}") = "Currency.Analysis.Accenture.Infra.IoC", "Src\Currency.Analysis.Accenture.Infra.IoC\Currency.Analysis.Accenture.Infra.IoC.csproj", "{9CF83865-3655-4B8A-8282-3397B6CD33CF}"
EndProject
Project("{9A19103F-16F7-4668-BE54-9A1E7A4F7556}") = "Currency.Analysis.Accenture.Infra.Data", "Src\Currency.Analysis.Accenture.Infra.Data\Currency.Analysis.Accenture.Infra.Data.csproj", "{59762796-72C0-4BFD-99EE-030FB8BA666E}"
EndProject
Project("{9A19103F-16F7-4668-BE54-9A1E7A4F7556}") = "Currency.Analysis.Accenture.Domain", "Src\Currency.Analysis.Accenture.Domain\Currency.Analysis.Accenture.Domain.csproj", "{FB68EC89-F6F3-454F-A7E2-A32B815E3F04}"
EndProject
Project("{9A19103F-16F7-4668-BE54-9A1E7A4F7556}") = "Currency.Analysis.Accenture.Test", "Src\Currency.Analysis.Accenture.Test\Currency.Analysis.Accenture.Test.csproj", "{A5DE9D1F-C35C-4B6A-9ED2-2C8E4F386CB3}"
EndProject
Project("{FAE04EC0-301F-11D3-BF4B-00C04F79EFBC}") = "Currency.Analysis.Accenture.Application", "Src\Currency.Analysis.Accenture.Application\Currency.Analysis.Accenture.Application.csproj", "{F897C68B-44A6-46D1-ABD1-8A2FA465EDF1}"
EndProject
Global
	GlobalSection(SolutionConfigurationPlatforms) = preSolution
		Debug|Any CPU = Debug|Any CPU
		Debug|ARM = Debug|ARM
		Debug|ARM64 = Debug|ARM64
		Debug|x64 = Debug|x64
		Debug|x86 = Debug|x86
		Release|Any CPU = Release|Any CPU
		Release|ARM = Release|ARM
		Release|ARM64 = Release|ARM64
		Release|x64 = Release|x64
		Release|x86 = Release|x86
	EndGlobalSection
	GlobalSection(ProjectConfigurationPlatforms) = postSolution
		{A72AF1A1-A6F8-40C7-9AA1-FC1B24A45FE5}.Debug|Any CPU.ActiveCfg = Debug|Any CPU
		{A72AF1A1-A6F8-40C7-9AA1-FC1B24A45FE5}.Debug|Any CPU.Build.0 = Debug|Any CPU
		{A72AF1A1-A6F8-40C7-9AA1-FC1B24A45FE5}.Debug|ARM.ActiveCfg = Debug|Any CPU
		{A72AF1A1-A6F8-40C7-9AA1-FC1B24A45FE5}.Debug|ARM.Build.0 = Debug|Any CPU
		{A72AF1A1-A6F8-40C7-9AA1-FC1B24A45FE5}.Debug|ARM64.ActiveCfg = Debug|Any CPU
		{A72AF1A1-A6F8-40C7-9AA1-FC1B24A45FE5}.Debug|ARM64.Build.0 = Debug|Any CPU
		{A72AF1A1-A6F8-40C7-9AA1-FC1B24A45FE5}.Debug|x64.ActiveCfg = Debug|Any CPU
		{A72AF1A1-A6F8-40C7-9AA1-FC1B24A45FE5}.Debug|x64.Build.0 = Debug|Any CPU
		{A72AF1A1-A6F8-40C7-9AA1-FC1B24A45FE5}.Debug|x86.ActiveCfg = Debug|Any CPU
		{A72AF1A1-A6F8-40C7-9AA1-FC1B24A45FE5}.Debug|x86.Build.0 = Debug|Any CPU
		{A72AF1A1-A6F8-40C7-9AA1-FC1B24A45FE5}.Release|Any CPU.ActiveCfg = Release|Any CPU
		{A72AF1A1-A6F8-40C7-9AA1-FC1B24A45FE5}.Release|Any CPU.Build.0 = Release|Any CPU
		{A72AF1A1-A6F8-40C7-9AA1-FC1B24A45FE5}.Release|ARM.ActiveCfg = Release|Any CPU
		{A72AF1A1-A6F8-40C7-9AA1-FC1B24A45FE5}.Release|ARM.Build.0 = Release|Any CPU
		{A72AF1A1-A6F8-40C7-9AA1-FC1B24A45FE5}.Release|ARM64.ActiveCfg = Release|Any CPU
		{A72AF1A1-A6F8-40C7-9AA1-FC1B24A45FE5}.Release|ARM64.Build.0 = Release|Any CPU
		{A72AF1A1-A6F8-40C7-9AA1-FC1B24A45FE5}.Release|x64.ActiveCfg = Release|Any CPU
		{A72AF1A1-A6F8-40C7-9AA1-FC1B24A45FE5}.Release|x64.Build.0 = Release|Any CPU
		{A72AF1A1-A6F8-40C7-9AA1-FC1B24A45FE5}.Release|x86.ActiveCfg = Release|Any CPU
		{A72AF1A1-A6F8-40C7-9AA1-FC1B24A45FE5}.Release|x86.Build.0 = Release|Any CPU
		{9CF83865-3655-4B8A-8282-3397B6CD33CF}.Debug|Any CPU.ActiveCfg = Debug|Any CPU
		{9CF83865-3655-4B8A-8282-3397B6CD33CF}.Debug|Any CPU.Build.0 = Debug|Any CPU
		{9CF83865-3655-4B8A-8282-3397B6CD33CF}.Debug|ARM.ActiveCfg = Debug|Any CPU
		{9CF83865-3655-4B8A-8282-3397B6CD33CF}.Debug|ARM.Build.0 = Debug|Any CPU
		{9CF83865-3655-4B8A-8282-3397B6CD33CF}.Debug|ARM64.ActiveCfg = Debug|Any CPU
		{9CF83865-3655-4B8A-8282-3397B6CD33CF}.Debug|ARM64.Build.0 = Debug|Any CPU
		{9CF83865-3655-4B8A-8282-3397B6CD33CF}.Debug|x64.ActiveCfg = Debug|Any CPU
		{9CF83865-3655-4B8A-8282-3397B6CD33CF}.Debug|x64.Build.0 = Debug|Any CPU
		{9CF83865-3655-4B8A-8282-3397B6CD33CF}.Debug|x86.ActiveCfg = Debug|Any CPU
		{9CF83865-3655-4B8A-8282-3397B6CD33CF}.Debug|x86.Build.0 = Debug|Any CPU
		{9CF83865-3655-4B8A-8282-3397B6CD33CF}.Release|Any CPU.ActiveCfg = Release|Any CPU
		{9CF83865-3655-4B8A-8282-3397B6CD33CF}.Release|Any CPU.Build.0 = Release|Any CPU
		{9CF83865-3655-4B8A-8282-3397B6CD33CF}.Release|ARM.ActiveCfg = Release|Any CPU
		{9CF83865-3655-4B8A-8282-3397B6CD33CF}.Release|ARM.Build.0 = Release|Any CPU
		{9CF83865-3655-4B8A-8282-3397B6CD33CF}.Release|ARM64.ActiveCfg = Release|Any CPU
		{9CF83865-3655-4B8A-8282-3397B6CD33CF}.Release|ARM64.Build.0 = Release|Any CPU
		{9CF83865-3655-4B8A-8282-3397B6CD33CF}.Release|x64.ActiveCfg = Release|Any CPU
		{9CF83865-3655-4B8A-8282-3397B6CD33CF}.Release|x64.Build.0 = Release|Any CPU
		{9CF83865-3655-4B8A-8282-3397B6CD33CF}.Release|x86.ActiveCfg = Release|Any CPU
		{9CF83865-3655-4B8A-8282-3397B6CD33CF}.Release|x86.Build.0 = Release|Any CPU
		{59762796-72C0-4BFD-99EE-030FB8BA666E}.Debug|Any CPU.ActiveCfg = Debug|Any CPU
		{59762796-72C0-4BFD-99EE-030FB8BA666E}.Debug|Any CPU.Build.0 = Debug|Any CPU
		{59762796-72C0-4BFD-99EE-030FB8BA666E}.Debug|ARM.ActiveCfg = Debug|Any CPU
		{59762796-72C0-4BFD-99EE-030FB8BA666E}.Debug|ARM.Build.0 = Debug|Any CPU
		{59762796-72C0-4BFD-99EE-030FB8BA666E}.Debug|ARM64.ActiveCfg = Debug|Any CPU
		{59762796-72C0-4BFD-99EE-030FB8BA666E}.Debug|ARM64.Build.0 = Debug|Any CPU
		{59762796-72C0-4BFD-99EE-030FB8BA666E}.Debug|x64.ActiveCfg = Debug|Any CPU
		{59762796-72C0-4BFD-99EE-030FB8BA666E}.Debug|x64.Build.0 = Debug|Any CPU
		{59762796-72C0-4BFD-99EE-030FB8BA666E}.Debug|x86.ActiveCfg = Debug|Any CPU
		{59762796-72C0-4BFD-99EE-030FB8BA666E}.Debug|x86.Build.0 = Debug|Any CPU
		{59762796-72C0-4BFD-99EE-030FB8BA666E}.Release|Any CPU.ActiveCfg = Release|Any CPU
		{59762796-72C0-4BFD-99EE-030FB8BA666E}.Release|Any CPU.Build.0 = Release|Any CPU
		{59762796-72C0-4BFD-99EE-030FB8BA666E}.Release|ARM.ActiveCfg = Release|Any CPU
		{59762796-72C0-4BFD-99EE-030FB8BA666E}.Release|ARM.Build.0 = Release|Any CPU
		{59762796-72C0-4BFD-99EE-030FB8BA666E}.Release|ARM64.ActiveCfg = Release|Any CPU
		{59762796-72C0-4BFD-99EE-030FB8BA666E}.Release|ARM64.Build.0 = Release|Any CPU
		{59762796-72C0-4BFD-99EE-030FB8BA666E}.Release|x64.ActiveCfg = Release|Any CPU
		{59762796-72C0-4BFD-99EE-030FB8BA666E}.Release|x64.Build.0 = Release|Any CPU
		{59762796-72C0-4BFD-99EE-030FB8BA666E}.Release|x86.ActiveCfg = Release|Any CPU
		{59762796-72C0-4BFD-99EE-030FB8BA666E}.Release|x86.Build.0 = Release|Any CPU
		{FB68EC89-F6F3-454F-A7E2-A32B815E3F04}.Debug|Any CPU.ActiveCfg = Debug|Any CPU
		{FB68EC89-F6F3-454F-A7E2-A32B815E3F04}.Debug|Any CPU.Build.0 = Debug|Any CPU
		{FB68EC89-F6F3-454F-A7E2-A32B815E3F04}.Debug|ARM.ActiveCfg = Debug|Any CPU
		{FB68EC89-F6F3-454F-A7E2-A32B815E3F04}.Debug|ARM.Build.0 = Debug|Any CPU
		{FB68EC89-F6F3-454F-A7E2-A32B815E3F04}.Debug|ARM64.ActiveCfg = Debug|Any CPU
		{FB68EC89-F6F3-454F-A7E2-A32B815E3F04}.Debug|ARM64.Build.0 = Debug|Any CPU
		{FB68EC89-F6F3-454F-A7E2-A32B815E3F04}.Debug|x64.ActiveCfg = Debug|Any CPU
		{FB68EC89-F6F3-454F-A7E2-A32B815E3F04}.Debug|x64.Build.0 = Debug|Any CPU
		{FB68EC89-F6F3-454F-A7E2-A32B815E3F04}.Debug|x86.ActiveCfg = Debug|Any CPU
		{FB68EC89-F6F3-454F-A7E2-A32B815E3F04}.Debug|x86.Build.0 = Debug|Any CPU
		{FB68EC89-F6F3-454F-A7E2-A32B815E3F04}.Release|Any CPU.ActiveCfg = Release|Any CPU
		{FB68EC89-F6F3-454F-A7E2-A32B815E3F04}.Release|Any CPU.Build.0 = Release|Any CPU
		{FB68EC89-F6F3-454F-A7E2-A32B815E3F04}.Release|ARM.ActiveCfg = Release|Any CPU
		{FB68EC89-F6F3-454F-A7E2-A32B815E3F04}.Release|ARM.Build.0 = Release|Any CPU
		{FB68EC89-F6F3-454F-A7E2-A32B815E3F04}.Release|ARM64.ActiveCfg = Release|Any CPU
		{FB68EC89-F6F3-454F-A7E2-A32B815E3F04}.Release|ARM64.Build.0 = Release|Any CPU
		{FB68EC89-F6F3-454F-A7E2-A32B815E3F04}.Release|x64.ActiveCfg = Release|Any CPU
		{FB68EC89-F6F3-454F-A7E2-A32B815E3F04}.Release|x64.Build.0 = Release|Any CPU
		{FB68EC89-F6F3-454F-A7E2-A32B815E3F04}.Release|x86.ActiveCfg = Release|Any CPU
		{FB68EC89-F6F3-454F-A7E2-A32B815E3F04}.Release|x86.Build.0 = Release|Any CPU
		{A5DE9D1F-C35C-4B6A-9ED2-2C8E4F386CB3}.Debug|Any CPU.ActiveCfg = Debug|Any CPU
		{A5DE9D1F-C35C-4B6A-9ED2-2C8E4F386CB3}.Debug|Any CPU.Build.0 = Debug|Any CPU
		{A5DE9D1F-C35C-4B6A-9ED2-2C8E4F386CB3}.Debug|ARM.ActiveCfg = Debug|Any CPU
		{A5DE9D1F-C35C-4B6A-9ED2-2C8E4F386CB3}.Debug|ARM.Build.0 = Debug|Any CPU
		{A5DE9D1F-C35C-4B6A-9ED2-2C8E4F386CB3}.Debug|ARM64.ActiveCfg = Debug|Any CPU
		{A5DE9D1F-C35C-4B6A-9ED2-2C8E4F386CB3}.Debug|ARM64.Build.0 = Debug|Any CPU
		{A5DE9D1F-C35C-4B6A-9ED2-2C8E4F386CB3}.Debug|x64.ActiveCfg = Debug|Any CPU
		{A5DE9D1F-C35C-4B6A-9ED2-2C8E4F386CB3}.Debug|x64.Build.0 = Debug|Any CPU
		{A5DE9D1F-C35C-4B6A-9ED2-2C8E4F386CB3}.Debug|x86.ActiveCfg = Debug|Any CPU
		{A5DE9D1F-C35C-4B6A-9ED2-2C8E4F386CB3}.Debug|x86.Build.0 = Debug|Any CPU
		{A5DE9D1F-C35C-4B6A-9ED2-2C8E4F386CB3}.Release|Any CPU.ActiveCfg = Release|Any CPU
		{A5DE9D1F-C35C-4B6A-9ED2-2C8E4F386CB3}.Release|Any CPU.Build.0 = Release|Any CPU
		{A5DE9D1F-C35C-4B6A-9ED2-2C8E4F386CB3}.Release|ARM.ActiveCfg = Release|Any CPU
		{A5DE9D1F-C35C-4B6A-9ED2-2C8E4F386CB3}.Release|ARM.Build.0 = Release|Any CPU
		{A5DE9D1F-C35C-4B6A-9ED2-2C8E4F386CB3}.Release|ARM64.ActiveCfg = Release|Any CPU
		{A5DE9D1F-C35C-4B6A-9ED2-2C8E4F386CB3}.Release|ARM64.Build.0 = Release|Any CPU
		{A5DE9D1F-C35C-4B6A-9ED2-2C8E4F386CB3}.Release|x64.ActiveCfg = Release|Any CPU
		{A5DE9D1F-C35C-4B6A-9ED2-2C8E4F386CB3}.Release|x64.Build.0 = Release|Any CPU
		{A5DE9D1F-C35C-4B6A-9ED2-2C8E4F386CB3}.Release|x86.ActiveCfg = Release|Any CPU
		{A5DE9D1F-C35C-4B6A-9ED2-2C8E4F386CB3}.Release|x86.Build.0 = Release|Any CPU
		{F897C68B-44A6-46D1-ABD1-8A2FA465EDF1}.Debug|Any CPU.ActiveCfg = Debug|Any CPU
		{F897C68B-44A6-46D1-ABD1-8A2FA465EDF1}.Debug|Any CPU.Build.0 = Debug|Any CPU
		{F897C68B-44A6-46D1-ABD1-8A2FA465EDF1}.Debug|ARM.ActiveCfg = Debug|Any CPU
		{F897C68B-44A6-46D1-ABD1-8A2FA465EDF1}.Debug|ARM.Build.0 = Debug|Any CPU
		{F897C68B-44A6-46D1-ABD1-8A2FA465EDF1}.Debug|ARM64.ActiveCfg = Debug|Any CPU
		{F897C68B-44A6-46D1-ABD1-8A2FA465EDF1}.Debug|ARM64.Build.0 = Debug|Any CPU
		{F897C68B-44A6-46D1-ABD1-8A2FA465EDF1}.Debug|x64.ActiveCfg = Debug|Any CPU
		{F897C68B-44A6-46D1-ABD1-8A2FA465EDF1}.Debug|x64.Build.0 = Debug|Any CPU
		{F897C68B-44A6-46D1-ABD1-8A2FA465EDF1}.Debug|x86.ActiveCfg = Debug|Any CPU
		{F897C68B-44A6-46D1-ABD1-8A2FA465EDF1}.Debug|x86.Build.0 = Debug|Any CPU
		{F897C68B-44A6-46D1-ABD1-8A2FA465EDF1}.Release|Any CPU.ActiveCfg = Release|Any CPU
		{F897C68B-44A6-46D1-ABD1-8A2FA465EDF1}.Release|Any CPU.Build.0 = Release|Any CPU
		{F897C68B-44A6-46D1-ABD1-8A2FA465EDF1}.Release|ARM.ActiveCfg = Release|Any CPU
		{F897C68B-44A6-46D1-ABD1-8A2FA465EDF1}.Release|ARM.Build.0 = Release|Any CPU
		{F897C68B-44A6-46D1-ABD1-8A2FA465EDF1}.Release|ARM64.ActiveCfg = Release|Any CPU
		{F897C68B-44A6-46D1-ABD1-8A2FA465EDF1}.Release|ARM64.Build.0 = Release|Any CPU
		{F897C68B-44A6-46D1-ABD1-8A2FA465EDF1}.Release|x64.ActiveCfg = Release|Any CPU
		{F897C68B-44A6-46D1-ABD1-8A2FA465EDF1}.Release|x64.Build.0 = Release|Any CPU
		{F897C68B-44A6-46D1-ABD1-8A2FA465EDF1}.Release|x86.ActiveCfg = Release|Any CPU
		{F897C68B-44A6-46D1-ABD1-8A2FA465EDF1}.Release|x86.Build.0 = Release|Any CPU
	EndGlobalSection
	GlobalSection(SolutionProperties) = preSolution
		HideSolutionNode = FALSE
	EndGlobalSection
	GlobalSection(NestedProjects) = preSolution
		{115DF603-D7E1-4FF6-B4DD-786CE3A8A091} = {41C8263A-452F-4C3C-9B2C-CE47589BC0D2}
		{97732DE7-7C66-4488-AFB0-8CB53B78231F} = {41C8263A-452F-4C3C-9B2C-CE47589BC0D2}
		{A72AF1A1-A6F8-40C7-9AA1-FC1B24A45FE5} = {7D091A8E-BFCA-4E4F-8817-9F2DE05457DC}
		{9CF83865-3655-4B8A-8282-3397B6CD33CF} = {97732DE7-7C66-4488-AFB0-8CB53B78231F}
		{59762796-72C0-4BFD-99EE-030FB8BA666E} = {115DF603-D7E1-4FF6-B4DD-786CE3A8A091}
		{FB68EC89-F6F3-454F-A7E2-A32B815E3F04} = {568380A5-F7BB-444D-B355-63C5BE6E3DDE}
		{A5DE9D1F-C35C-4B6A-9ED2-2C8E4F386CB3} = {F3E0629B-F933-484D-9CCC-4B6E1B342E6B}
		{F897C68B-44A6-46D1-ABD1-8A2FA465EDF1} = {AD842C01-22A5-41B7-877D-B954BA02E86F}
	EndGlobalSection
	GlobalSection(ExtensibilityGlobals) = postSolution
		SolutionGuid = {2C468897-8CB9-41A0-9407-058CA1922948}
	EndGlobalSection
EndGlobal
